
Microsoft Visual Studio Solution File, Format Version 12.00
# Visual Studio 14
VisualStudioVersion = 14.0.23107.0
MinimumVisualStudioVersion = 10.0.40219.1
Project("{FAE04EC0-301F-11D3-BF4B-00C04F79EFBC}") = "IFEOManage", "IFEOManage\IFEOManage.csproj", "{46F9DDC5-7D7A-43AD-9DB0-4A0A6D102354}"
EndProject
Project("{FAE04EC0-301F-11D3-BF4B-00C04F79EFBC}") = "IFEOExecution", "IEFOExecution\IFEOExecution.csproj", "{3889B757-3541-4F24-AA2D-CEE82D07E4B4}"
EndProject
Global
	GlobalSection(SolutionConfigurationPlatforms) = preSolution
		Debug|Any CPU = Debug|Any CPU
		Release|Any CPU = Release|Any CPU
	EndGlobalSection
	GlobalSection(ProjectConfigurationPlatforms) = postSolution
		{46F9DDC5-7D7A-43AD-9DB0-4A0A6D102354}.Debug|Any CPU.ActiveCfg = Debug|Any CPU
		{46F9DDC5-7D7A-43AD-9DB0-4A0A6D102354}.Debug|Any CPU.Build.0 = Debug|Any CPU
		{46F9DDC5-7D7A-43AD-9DB0-4A0A6D102354}.Release|Any CPU.ActiveCfg = Release|Any CPU
		{46F9DDC5-7D7A-43AD-9DB0-4A0A6D102354}.Release|Any CPU.Build.0 = Release|Any CPU
		{3889B757-3541-4F24-AA2D-CEE82D07E4B4}.Debug|Any CPU.ActiveCfg = Debug|Any CPU
		{3889B757-3541-4F24-AA2D-CEE82D07E4B4}.Debug|Any CPU.Build.0 = Debug|Any CPU
		{3889B757-3541-4F24-AA2D-CEE82D07E4B4}.Release|Any CPU.ActiveCfg = Release|Any CPU
		{3889B757-3541-4F24-AA2D-CEE82D07E4B4}.Release|Any CPU.Build.0 = Release|Any CPU
	EndGlobalSection
	GlobalSection(SolutionProperties) = preSolution
		HideSolutionNode = FALSE
	EndGlobalSection
EndGlobal
